{
  "version": "5",
  "specifiers": {
    "jsr:@hono/hono@*": "4.6.20",
    "npm:@types/node@*": "22.13.1",
    "npm:lightningcss@*": "1.28.1",
    "npm:pug@*": "3.0.3"
  },
  "jsr": {
    "@hono/hono@4.6.20": {
      "integrity": "0db02d7b80db67a17e18b434c6105af002412cada5e908013086eb9fa9466a87"
    }
  },
  "npm": {
    "@babel/helper-string-parser@7.25.9": {
      "integrity": "sha512-4A/SCr/2KLd5jrtOMFzaKjVtAei3+2r/NChoBNoZ3EyP/+GlhoaEGoWOZUmFmoITP7zOJyHIMm+DYRd8o3PvHA=="
    },
    "@babel/helper-validator-identifier@7.25.9": {
      "integrity": "sha512-Ed61U6XJc3CVRfkERJWDz4dJwKe7iLmmJsbOGu9wSloNSFttHV0I8g6UAgb7qnK5ly5bGLPd4oXZlxCdANBOWQ=="
    },
    "@babel/parser@7.26.9": {
      "integrity": "sha512-81NWa1njQblgZbQHxWHpxxCzNsa3ZwvFqpUg7P+NNUU6f3UU2jBEg4OlF/J6rl8+PQGh1q6/zWScd001YwcA5A==",
      "dependencies": [
        "@babel/types"
      ],
      "bin": true
    },
    "@babel/types@7.26.9": {
      "integrity": "sha512-Y3IR1cRnOxOCDvMmNiym7XpXQ93iGDDPHx+Zj+NM+rg0fBaShfQLkg+hKPaZCEvg5N/LeCo4+Rj/i3FuJsIQaw==",
      "dependencies": [
        "@babel/helper-string-parser",
        "@babel/helper-validator-identifier"
      ]
    },
    "@types/node@22.13.1": {
      "integrity": "sha512-jK8uzQlrvXqEU91UxiK5J7pKHyzgnI1Qnl0QDHIgVGuolJhRb9EEl28Cj9b3rGR8B2lhFCtvIm5os8lFnO/1Ew==",
      "dependencies": [
        "undici-types"
      ]
    },
    "acorn@7.4.1": {
      "integrity": "sha512-nQyp0o1/mNdbTO1PO6kHkwSrmgZ0MT/jCCpNiwbUjGoRN4dlBhqJtoQuCnEOKzgTVwg0ZWiCoQy6SxMebQVh8A==",
      "bin": true
    },
    "asap@2.0.6": {
      "integrity": "sha512-BSHWgDSAiKs50o2Re8ppvp3seVHXSRM44cdSsT9FfNEUUZLOGWVCsiWaRPWM1Znn+mqZ1OfVZ3z3DWEzSp7hRA=="
    },
    "assert-never@1.4.0": {
      "integrity": "sha512-5oJg84os6NMQNl27T9LnZkvvqzvAnHu03ShCnoj6bsJwS7L8AO4lf+C/XjK/nvzEqQB744moC6V128RucQd1jA=="
    },
    "babel-walk@3.0.0-canary-5": {
      "integrity": "sha512-GAwkz0AihzY5bkwIY5QDR+LvsRQgB/B+1foMPvi0FZPMl5fjD7ICiznUiBdLYMH1QYe6vqu4gWYytZOccLouFw==",
      "dependencies": [
        "@babel/types"
      ]
    },
    "call-bind-apply-helpers@1.0.2": {
      "integrity": "sha512-Sp1ablJ0ivDkSzjcaJdxEunN5/XvksFJ2sMBFfq6x0ryhQV/2b/KwFe21cMpmHtPOSij8K99/wSfoEuTObmuMQ==",
      "dependencies": [
        "es-errors",
        "function-bind"
      ]
    },
    "call-bound@1.0.3": {
      "integrity": "sha512-YTd+6wGlNlPxSuri7Y6X8tY2dmm12UMH66RpKMhiX6rsk5wXXnYgbUcOt8kiS31/AjfoTOvCsE+w8nZQLQnzHA==",
      "dependencies": [
        "call-bind-apply-helpers",
        "get-intrinsic"
      ]
    },
    "character-parser@2.2.0": {
      "integrity": "sha512-+UqJQjFEFaTAs3bNsF2j2kEN1baG/zghZbdqoYEDxGZtJo9LBzl1A+m0D4n3qKx8N2FNv8/Xp6yV9mQmBuptaw==",
      "dependencies": [
        "is-regex"
      ]
    },
    "constantinople@4.0.1": {
      "integrity": "sha512-vCrqcSIq4//Gx74TXXCGnHpulY1dskqLTFGDmhrGxzeXL8lF8kvXv6mpNWlJj1uD4DW23D4ljAqbY4RRaaUZIw==",
      "dependencies": [
        "@babel/parser",
        "@babel/types"
      ]
    },
    "detect-libc@1.0.3": {
      "integrity": "sha512-pGjwhsmsp4kL2RTz08wcOlGN83otlqHeD/Z5T8GXZB+/YcpQ/dgo+lbU8ZsGxV0HIvqqxo9l7mqYwyYMD9bKDg==",
      "bin": true
    },
    "doctypes@1.1.0": {
      "integrity": "sha512-LLBi6pEqS6Do3EKQ3J0NqHWV5hhb78Pi8vvESYwyOy2c31ZEZVdtitdzsQsKb7878PEERhzUk0ftqGhG6Mz+pQ=="
    },
    "dunder-proto@1.0.1": {
      "integrity": "sha512-KIN/nDJBQRcXw0MLVhZE9iQHmG68qAVIBg9CqmUYjmQIhgij9U5MFvrqkUL5FbtyyzZuOeOt0zdeRe4UY7ct+A==",
      "dependencies": [
        "call-bind-apply-helpers",
        "es-errors",
        "gopd"
      ]
    },
    "es-define-property@1.0.1": {
      "integrity": "sha512-e3nRfgfUZ4rNGL232gUgX06QNyyez04KdjFrF+LTRoOXmrOgFKDg4BCdsjW8EnT69eqdYGmRpJwiPVYNrCaW3g=="
    },
    "es-errors@1.3.0": {
      "integrity": "sha512-Zf5H2Kxt2xjTvbJvP2ZWLEICxA6j+hAmMzIlypy4xcBg1vKVnx89Wy0GbS+kf5cwCVFFzdCFh2XSCFNULS6csw=="
    },
    "es-object-atoms@1.1.1": {
      "integrity": "sha512-FGgH2h8zKNim9ljj7dankFPcICIK9Cp5bm+c2gQSYePhpaG5+esrLODihIorn+Pe6FGJzWhXQotPv73jTaldXA==",
      "dependencies": [
        "es-errors"
      ]
    },
    "function-bind@1.1.2": {
      "integrity": "sha512-7XHNxH7qX9xG5mIwxkhumTox/MIRNcOgDrxWsMt2pAr23WHp6MrRlN7FBSFpCpr+oVO0F744iUgR82nJMfG2SA=="
    },
    "get-intrinsic@1.2.7": {
      "integrity": "sha512-VW6Pxhsrk0KAOqs3WEd0klDiF/+V7gQOpAvY1jVU/LHmaD/kQO4523aiJuikX/QAKYiW6x8Jh+RJej1almdtCA==",
      "dependencies": [
        "call-bind-apply-helpers",
        "es-define-property",
        "es-errors",
        "es-object-atoms",
        "function-bind",
        "get-proto",
        "gopd",
        "has-symbols",
        "hasown",
        "math-intrinsics"
      ]
    },
    "get-proto@1.0.1": {
      "integrity": "sha512-sTSfBjoXBp89JvIKIefqw7U2CCebsc74kiY6awiGogKtoSGbgjYE/G/+l9sF3MWFPNc9IcoOC4ODfKHfxFmp0g==",
      "dependencies": [
        "dunder-proto",
        "es-object-atoms"
      ]
    },
    "gopd@1.2.0": {
      "integrity": "sha512-ZUKRh6/kUFoAiTAtTYPZJ3hw9wNxx+BIBOijnlG9PnrJsCcSjs1wyyD6vJpaYtgnzDrKYRSqf3OO6Rfa93xsRg=="
    },
    "has-symbols@1.1.0": {
      "integrity": "sha512-1cDNdwJ2Jaohmb3sg4OmKaMBwuC48sYni5HUw2DvsC8LjGTLK9h+eb1X6RyuOHe4hT0ULCW68iomhjUoKUqlPQ=="
    },
    "has-tostringtag@1.0.2": {
      "integrity": "sha512-NqADB8VjPFLM2V0VvHUewwwsw0ZWBaIdgo+ieHtK3hasLz4qeCRjYcqfB6AQrBggRKppKF8L52/VqdVsO47Dlw==",
      "dependencies": [
        "has-symbols"
      ]
    },
    "hasown@2.0.2": {
      "integrity": "sha512-0hJU9SCPvmMzIBdZFqNPXWa6dqh7WdH0cII9y+CyS8rG3nL48Bclra9HmKhVVUHyPWNH5Y7xDwAB7bfgSjkUMQ==",
      "dependencies": [
        "function-bind"
      ]
    },
    "is-core-module@2.16.1": {
      "integrity": "sha512-UfoeMA6fIJ8wTYFEUjelnaGI67v6+N7qXJEvQuIGa99l4xsCruSYOVSQ0uPANn4dAzm8lkYPaKLrrijLq7x23w==",
      "dependencies": [
        "hasown"
      ]
    },
    "is-expression@4.0.0": {
      "integrity": "sha512-zMIXX63sxzG3XrkHkrAPvm/OVZVSCPNkwMHU8oTX7/U3AL78I0QXCEICXUM13BIa8TYGZ68PiTKfQz3yaTNr4A==",
      "dependencies": [
        "acorn",
        "object-assign"
      ]
    },
    "is-promise@2.2.2": {
      "integrity": "sha512-+lP4/6lKUBfQjZ2pdxThZvLUAafmZb8OAxFb8XXtiQmS35INgr85hdOGoEs124ez1FCnZJt6jau/T+alh58QFQ=="
    },
    "is-regex@1.2.1": {
      "integrity": "sha512-MjYsKHO5O7mCsmRGxWcLWheFqN9DJ/2TmngvjKXihe6efViPqc274+Fx/4fYj/r03+ESvBdTXK0V6tA3rgez1g==",
      "dependencies": [
        "call-bound",
        "gopd",
        "has-tostringtag",
        "hasown"
      ]
    },
    "js-stringify@1.0.2": {
      "integrity": "sha512-rtS5ATOo2Q5k1G+DADISilDA6lv79zIiwFd6CcjuIxGKLFm5C+RLImRscVap9k55i+MOZwgliw+NejvkLuGD5g=="
    },
    "jstransformer@1.0.0": {
      "integrity": "sha512-C9YK3Rf8q6VAPDCCU9fnqo3mAfOH6vUGnMcP4AQAYIEpWtfGLpwOTmZ+igtdK5y+VvI2n3CyYSzy4Qh34eq24A==",
      "dependencies": [
        "is-promise",
        "promise"
      ]
    },
    "lightningcss-cli-darwin-arm64@1.30.1": {
      "integrity": "sha512-h00/Iq4Hjw+1Bm3Uoc2i1cryDdH1YhTK8e7d/Y/Wn2sUrdK9nVRxzuTk7qUur6KqVgXFthItAUhuGjFyDBJpmg==",
      "os": ["darwin"],
      "cpu": ["arm64"]
    },
    "lightningcss-cli-darwin-x64@1.30.1": {
      "integrity": "sha512-Q7hzbzkGe5EUMgojjYgnhT9wkSLZp0I9Q25IP7IDnMv2KMTdqUSLAn7YMu9Xqt22MspAuIWV7DkyTiN4xM7fIA==",
      "os": ["darwin"],
      "cpu": ["x64"]
    },
    "lightningcss-cli-freebsd-x64@1.30.1": {
      "integrity": "sha512-0VbQDecfjJn7GtvtVbsdEnvR8OY8PyWiVnchbozjODqE4ASpDBjQDtSMbIDRvBtkk5Me6PFhVmCKfuyctCuDqQ==",
      "os": ["freebsd"],
      "cpu": ["x64"]
    },
    "lightningcss-cli-linux-arm-gnueabihf@1.30.1": {
      "integrity": "sha512-ngJVmTygPRafw2sF7NFWwez54NKDO2AEY5IEm241qytAw+YsY/oAx/0gG2Fyq4HTGcKud9dc7kHQpWfDTXuGHg==",
      "os": ["linux"],
      "cpu": ["arm"]
    },
    "lightningcss-cli-linux-arm64-gnu@1.30.1": {
      "integrity": "sha512-2uh0vwHn0UyrZnVX2XCw8qbwLKuAwM1nLo43ddcviQum9rF08nHdPEqLXZfDzR/VA0pbyFjSw7EbbEBjXGsFxw==",
      "os": ["linux"],
      "cpu": ["arm64"]
    },
    "lightningcss-cli-linux-arm64-musl@1.30.1": {
      "integrity": "sha512-IUrg/O4r7OPuGo+G9BGaDDodvAoLSq3f0pMmdiODCl8so/LkYvue7ySL8JQO8TebTKoUXE7VcZgdfoSVxkCbuQ==",
      "os": ["linux"],
      "cpu": ["arm64"]
    },
    "lightningcss-cli-linux-x64-gnu@1.30.1": {
      "integrity": "sha512-AoxyUYuwl/IGTFl178Kxm/MMIgao3s9bmp/RrTbh51+8LsUh9YWolvyhmVxfiCauJ70dfoknQ/tsa+NKs2XDfQ==",
      "os": ["linux"],
      "cpu": ["x64"]
    },
    "lightningcss-cli-linux-x64-musl@1.30.1": {
      "integrity": "sha512-NSkm/6sKsMTvO/pf8hU1Nwalrz9VsmSC9AKTYmxNsLDrLtzc8PYobcauyv0b1MnXxO1KuqLmFiCnVzGU7WbRPQ==",
      "os": ["linux"],
      "cpu": ["x64"]
    },
    "lightningcss-cli-win32-arm64-msvc@1.30.1": {
      "integrity": "sha512-qDlhf9FAy+26MDMP14VWy+W5ho7KruR1ne2fYWKxgCGw7WZ5gnaaZpRBewp4KRd7lqo/opaIsK8kQy/WJTJD9A==",
      "os": ["win32"],
      "cpu": ["arm64"]
    },
    "lightningcss-cli-win32-x64-msvc@1.30.1": {
      "integrity": "sha512-AwkpPbM9NABz1bRLr6GPrUa1wyOOUAZpOoR/HmDMOYPUAiQOlzxsNUR0/YreWbwD3X+dqkwXywSbwHddvTNZ1A==",
      "os": ["win32"],
      "cpu": ["x64"]
    },
    "lightningcss-darwin-arm64@1.28.1": {
      "integrity": "sha512-VG3vvzM0m/rguCdm76DdobNeNJnHK+jWcdkNLFWHLh9YCotRvbRIt45JxwcHlIF8TDqWStVLTdghq5NaigVCBQ==",
      "os": ["darwin"],
      "cpu": ["arm64"]
    },
    "lightningcss-darwin-x64@1.28.1": {
      "integrity": "sha512-O7ORdislvKfMohFl4Iq7fxKqdJOuuxArcglVI3amuFO5DJ0wfV3Gxgi1JRo49slfr7OVzJQEHLG4muTWYM5cTQ==",
      "os": ["darwin"],
      "cpu": ["x64"]
    },
    "lightningcss-freebsd-x64@1.28.1": {
      "integrity": "sha512-b7sF89B31kYYijxVcFO7l5u6UNA862YstNu+3YbLl/IQKzveL4a5cwR5cdpG+OOhErg/c2u9WCmzZoX2I5GBvw==",
      "os": ["freebsd"],
      "cpu": ["x64"]
    },
    "lightningcss-linux-arm-gnueabihf@1.28.1": {
      "integrity": "sha512-p61kXwvhUDLLzkWHjzSFfUBW/F0iy3jr3CWi3k8SKULtJEsJXTI9DqRm9EixxMSe2AMBQBt4auTYiQL4B1N51A==",
      "os": ["linux"],
      "cpu": ["arm"]
    },
    "lightningcss-linux-arm64-gnu@1.28.1": {
      "integrity": "sha512-iO+fN9hOMmzfwqcG2/BgUtMKD48H2JO/SXU44fyIwpY2veb65QF5xiRrQ9l1FwIxbGK3231KBYCtAqv+xf+NsQ==",
      "os": ["linux"],
      "cpu": ["arm64"]
    },
    "lightningcss-linux-arm64-musl@1.28.1": {
      "integrity": "sha512-dnMHeXEmCUzHHZjaDpQBYuBKcN9nPC3nPFKl70bcj5Bkn5EmkcgEqm5p035LKOgvAwk1XwLpQCML6pXmCwz0NQ==",
      "os": ["linux"],
      "cpu": ["arm64"]
    },
    "lightningcss-linux-x64-gnu@1.28.1": {
      "integrity": "sha512-7vWDISaMUn+oo2TwRdf2hl/BLdPxvywv9JKEqNZB/0K7bXwV4XE9wN/C2sAp1gGuh6QBA8lpjF4JIPt3HNlCHA==",
      "os": ["linux"],
      "cpu": ["x64"]
    },
    "lightningcss-linux-x64-musl@1.28.1": {
      "integrity": "sha512-IHCu9tVGP+x5BCpA2rF3D04DBokcBza/a8AuHQU+1AiMKubuMegPwcL7RatBgK4ztFHeYnnD5NdhwhRfYMAtNA==",
      "os": ["linux"],
      "cpu": ["x64"]
    },
    "lightningcss-win32-arm64-msvc@1.28.1": {
      "integrity": "sha512-Erm72kHmMg/3h350PTseskz+eEGBM17Fuu79WW2Qqt0BfWSF1jHHc12lkJCWMYl5jcBHPs5yZdgNHtJ7IJS3Uw==",
      "os": ["win32"],
      "cpu": ["arm64"]
    },
    "lightningcss-win32-x64-msvc@1.28.1": {
      "integrity": "sha512-ZPQtvx+uQBzrSdHH8p4H3M9Alue+x369TPZAA3b4K3d92FPhpZCuBG04+HQzspam9sVeID9mI6f3VRAs2ezaEA==",
      "os": ["win32"],
      "cpu": ["x64"]
    },
    "lightningcss@1.28.1": {
      "integrity": "sha512-KRDkHlLlNj3DWh79CDt93fPlRJh2W1AuHV0ZSZAMMuN7lqlsZTV5842idfS1urWG8q9tc17velp1gCXhY7sLnQ==",
      "dependencies": [
        "detect-libc"
      ],
      "optionalDependencies": [
        "lightningcss-darwin-arm64",
        "lightningcss-darwin-x64",
        "lightningcss-freebsd-x64",
        "lightningcss-linux-arm-gnueabihf",
        "lightningcss-linux-arm64-gnu",
        "lightningcss-linux-arm64-musl",
        "lightningcss-linux-x64-gnu",
        "lightningcss-linux-x64-musl",
        "lightningcss-win32-arm64-msvc",
        "lightningcss-win32-x64-msvc"
      ]
    },
    "math-intrinsics@1.1.0": {
      "integrity": "sha512-/IXtbwEk5HTPyEwyKX6hGkYXxM9nbj64B+ilVJnC/R6B0pH5G4V3b0pVbL7DBj4tkhBAppbQUlf6F6Xl9LHu1g=="
    },
    "object-assign@4.1.1": {
      "integrity": "sha512-rJgTQnkUnH1sFw8yT6VSU3zD3sWmu6sZhIseY8VX+GRu3P6F7Fu+JNDoXfklElbLJSnc3FUQHVe4cU5hj+BcUg=="
    },
    "path-parse@1.0.7": {
      "integrity": "sha512-LDJzPVEEEPR+y48z93A0Ed0yXb8pAByGWo/k5YYdYgpY2/2EsOsksJrq7lOHxryrVOn1ejG6oAp8ahvOIQD8sw=="
    },
    "promise@7.3.1": {
      "integrity": "sha512-nolQXZ/4L+bP/UGlkfaIujX9BKxGwmQ9OT4mOt5yvy8iK1h3wqTEJCijzGANTCCl9nWjY41juyAn2K3Q1hLLTg==",
      "dependencies": [
        "asap"
      ]
    },
    "pug-attrs@3.0.0": {
      "integrity": "sha512-azINV9dUtzPMFQktvTXciNAfAuVh/L/JCl0vtPCwvOA21uZrC08K/UnmrL+SXGEVc1FwzjW62+xw5S/uaLj6cA==",
      "dependencies": [
        "constantinople",
        "js-stringify",
        "pug-runtime"
      ]
    },
    "pug-code-gen@3.0.3": {
      "integrity": "sha512-cYQg0JW0w32Ux+XTeZnBEeuWrAY7/HNE6TWnhiHGnnRYlCgyAUPoyh9KzCMa9WhcJlJ1AtQqpEYHc+vbCzA+Aw==",
      "dependencies": [
        "constantinople",
        "doctypes",
        "js-stringify",
        "pug-attrs",
        "pug-error",
        "pug-runtime",
        "void-elements",
        "with"
      ]
    },
    "pug-error@2.1.0": {
      "integrity": "sha512-lv7sU9e5Jk8IeUheHata6/UThZ7RK2jnaaNztxfPYUY+VxZyk/ePVaNZ/vwmH8WqGvDz3LrNYt/+gA55NDg6Pg=="
    },
    "pug-filters@4.0.0": {
      "integrity": "sha512-yeNFtq5Yxmfz0f9z2rMXGw/8/4i1cCFecw/Q7+D0V2DdtII5UvqE12VaZ2AY7ri6o5RNXiweGH79OCq+2RQU4A==",
      "dependencies": [
        "constantinople",
        "jstransformer",
        "pug-error",
        "pug-walk",
        "resolve"
      ]
    },
    "pug-lexer@5.0.1": {
      "integrity": "sha512-0I6C62+keXlZPZkOJeVam9aBLVP2EnbeDw3An+k0/QlqdwH6rv8284nko14Na7c0TtqtogfWXcRoFE4O4Ff20w==",
      "dependencies": [
        "character-parser",
        "is-expression",
        "pug-error"
      ]
    },
    "pug-linker@4.0.0": {
      "integrity": "sha512-gjD1yzp0yxbQqnzBAdlhbgoJL5qIFJw78juN1NpTLt/mfPJ5VgC4BvkoD3G23qKzJtIIXBbcCt6FioLSFLOHdw==",
      "dependencies": [
        "pug-error",
        "pug-walk"
      ]
    },
    "pug-load@3.0.0": {
      "integrity": "sha512-OCjTEnhLWZBvS4zni/WUMjH2YSUosnsmjGBB1An7CsKQarYSWQ0GCVyd4eQPMFJqZ8w9xgs01QdiZXKVjk92EQ==",
      "dependencies": [
        "object-assign",
        "pug-walk"
      ]
    },
    "pug-parser@6.0.0": {
      "integrity": "sha512-ukiYM/9cH6Cml+AOl5kETtM9NR3WulyVP2y4HOU45DyMim1IeP/OOiyEWRr6qk5I5klpsBnbuHpwKmTx6WURnw==",
      "dependencies": [
        "pug-error",
        "token-stream"
      ]
    },
    "pug-runtime@3.0.1": {
      "integrity": "sha512-L50zbvrQ35TkpHwv0G6aLSuueDRwc/97XdY8kL3tOT0FmhgG7UypU3VztfV/LATAvmUfYi4wNxSajhSAeNN+Kg=="
    },
    "pug-strip-comments@2.0.0": {
      "integrity": "sha512-zo8DsDpH7eTkPHCXFeAk1xZXJbyoTfdPlNR0bK7rpOMuhBYb0f5qUVCO1xlsitYd3w5FQTK7zpNVKb3rZoUrrQ==",
      "dependencies": [
        "pug-error"
      ]
    },
    "pug-walk@2.0.0": {
      "integrity": "sha512-yYELe9Q5q9IQhuvqsZNwA5hfPkMJ8u92bQLIMcsMxf/VADjNtEYptU+inlufAFYcWdHlwNfZOEnOOQrZrcyJCQ=="
    },
    "pug@3.0.3": {
      "integrity": "sha512-uBi6kmc9f3SZ3PXxqcHiUZLmIXgfgWooKWXcwSGwQd2Zi5Rb0bT14+8CJjJgI8AB+nndLaNgHGrcc6bPIB665g==",
      "dependencies": [
        "pug-code-gen",
        "pug-filters",
        "pug-lexer",
        "pug-linker",
        "pug-load",
        "pug-parser",
        "pug-runtime",
        "pug-strip-comments"
      ]
    },
    "resolve@1.22.10": {
      "integrity": "sha512-NPRy+/ncIMeDlTAsuqwKIiferiawhefFJtkNSW0qZJEqMEb+qBt/77B/jGeeek+F0uOeN05CDa6HXbbIgtVX4w==",
      "dependencies": [
        "is-core-module",
        "path-parse",
        "supports-preserve-symlinks-flag"
      ],
      "bin": true
    },
    "supports-preserve-symlinks-flag@1.0.0": {
      "integrity": "sha512-ot0WnXS9fgdkgIcePe6RHNk1WA8+muPa6cSjeR3V8K27q9BB1rTE3R1p7Hv0z1ZyAc8s6Vvv8DIyWf681MAt0w=="
    },
    "token-stream@1.0.0": {
      "integrity": "sha512-VSsyNPPW74RpHwR8Fc21uubwHY7wMDeJLys2IX5zJNih+OnAnaifKHo+1LHT7DAdloQ7apeaaWg8l7qnf/TnEg=="
    },
    "undici-types@6.20.0": {
      "integrity": "sha512-Ny6QZ2Nju20vw1SRHe3d9jVu6gJ+4e3+MMpqu7pqE5HT6WsTSlce++GQmK5UXS8mzV8DSYHrQH+Xrf2jVcuKNg=="
    },
    "void-elements@3.1.0": {
      "integrity": "sha512-Dhxzh5HZuiHQhbvTW9AMetFfBHDMYpo23Uo9btPXgdYP+3T5S+p+jgNy7spra+veYhBP2dCSgxR/i2Y02h5/6w=="
    },
    "with@7.0.2": {
      "integrity": "sha512-RNGKj82nUPg3g5ygxkQl0R937xLyho1J24ItRCBTr/m1YnZkzJy1hUiHUJrc/VlsDQzsCnInEGSg3bci0Lmd4w==",
      "dependencies": [
        "@babel/parser",
        "@babel/types",
        "assert-never",
        "babel-walk"
      ]
    }
  },
  "workspace": {
    "dependencies": [
      "jsr:@hono/hono@*",
      "npm:pug@*"
    ]
  }
}
